# Generated by pub
# See https://dart.dev/tools/pub/glossary#lockfile
packages:
  archive:
    dependency: transitive
    description:
      name: archive
      sha256: f06332efd7b0886705a929c5d3b52cda4d6d0979627c1dbe9a18fc24becf50ae
      url: "https://pub.dev"
    source: hosted
    version: "2.0.13"
  args:
    dependency: transitive
    description:
      name: args
      sha256: "6ba785824030bc97154264652acfd6a2dc699cd85f6def708fb7534d23ef1348"
      url: "https://pub.dev"
    source: hosted
    version: "1.6.0"
  asn1lib:
    dependency: "direct main"
    description:
      name: asn1lib
      sha256: f4bf427060dd9cf67044d8370d4afdd244c7fdb8a85a868e07d2b7e01c5291d9
      url: "https://pub.dev"
    source: hosted
    version: "0.8.1"
  async:
    dependency: transitive
    description:
      name: async
      sha256: bfe67ef28df125b7dddcea62755991f807aa39a2492a23e1550161692950bbe0
      url: "https://pub.dev"
    source: hosted
    version: "2.10.0"
  boolean_selector:
    dependency: transitive
    description:
      name: boolean_selector
      sha256: "6cfb5af12253eaf2b368f07bacc5a80d1301a071c73360d746b7f2e32d762c66"
      url: "https://pub.dev"
    source: hosted
    version: "2.1.1"
  characters:
    dependency: transitive
    description:
      name: characters
      sha256: e6a326c8af69605aec75ed6c187d06b349707a27fbff8222ca9cc2cff167975c
      url: "https://pub.dev"
    source: hosted
    version: "1.2.1"
  charcode:
    dependency: transitive
    description:
      name: charcode
      sha256: fb98c0f6d12c920a02ee2d998da788bca066ca5f148492b7085ee23372b12306
      url: "https://pub.dev"
    source: hosted
    version: "1.3.1"
  charts_common:
    dependency: transitive
    description:
      name: charts_common
      sha256: "0e8f26e7049dc51ca11110f34a2820d87ba8dac506577feafb9f300367230e1e"
      url: "https://pub.dev"
    source: hosted
    version: "0.9.0"
  charts_flutter:
    dependency: "direct main"
    description:
      name: charts_flutter
      sha256: "0d3893375e9fc45cba487a31d1d22fb4b0c7e68098ae9f7010f27cec6fbb0856"
      url: "https://pub.dev"
    source: hosted
    version: "0.9.0"
  clock:
    dependency: transitive
    description:
      name: clock
      sha256: cb6d7f03e1de671e34607e909a7213e31d7752be4fb66a86d29fe1eb14bfb5cf
      url: "https://pub.dev"
    source: hosted
    version: "1.1.1"
  collection:
    dependency: transitive
    description:
      name: collection
      sha256: cfc915e6923fe5ce6e153b0723c753045de46de1b4d63771530504004a45fae0
      url: "https://pub.dev"
    source: hosted
    version: "1.17.0"
  connectivity:
    dependency: "direct main"
    description:
      name: connectivity
      sha256: "11da8df109411ce0399e27e18ad993d131af61ed6c91b8a14d6e15b05354fddd"
      url: "https://pub.dev"
    source: hosted
    version: "2.0.2"
  connectivity_for_web:
    dependency: transitive
    description:
      name: connectivity_for_web
      sha256: a90f39f9e2c9533a189b05596ce2eea9494b61efa34a78f079ba06fa4c50075d
      url: "https://pub.dev"
    source: hosted
    version: "0.3.1+4"
  connectivity_macos:
    dependency: transitive
    description:
      name: connectivity_macos
      sha256: "2ac537281b02e1117f50b154bd5a6b18cb889d6c18e2f415104886e4d2b6549e"
      url: "https://pub.dev"
    source: hosted
    version: "0.1.0+7"
  connectivity_platform_interface:
    dependency: transitive
    description:
      name: connectivity_platform_interface
      sha256: "3e3c0891ec5d22c0e265b0df5743810c91160a30ac4f3327cf04fd24782e8add"
      url: "https://pub.dev"
    source: hosted
    version: "1.0.6"
  convert:
    dependency: transitive
    description:
      name: convert
      sha256: "3fa83bc417e26f1d55814443a603747d48e3cdf55b2f4fea27dea8e9224dcefd"
      url: "https://pub.dev"
    source: hosted
    version: "2.1.1"
  crypto:
    dependency: transitive
    description:
      name: crypto
      sha256: "3ce628f3c6a7144be6c524dbb20ca5af52fa59c850c587bf5e52cd70ece8e7e8"
      url: "https://pub.dev"
    source: hosted
    version: "2.1.5"
  cupertino_icons:
    dependency: "direct main"
    description:
      name: cupertino_icons
      sha256: "518143a923a4c83ddc2fa0bfbbbd750d8e31d21d90ecad21b570ea94df9807b1"
      url: "https://pub.dev"
    source: hosted
    version: "1.0.0"
  diff_image:
    dependency: "direct main"
    description:
      name: diff_image
      sha256: "95d6c100956b8adc123fdbede6ecb5d6c8881e28df95f1cd51a727a1488c6b25"
      url: "https://pub.dev"
    source: hosted
    version: "1.0.1"
  emoji_feedback:
    dependency: "direct main"
    description:
      name: emoji_feedback
      sha256: eba69a0b690123288987d39823375b7c77cadbc677f0c3099d5da051c327a429
      url: "https://pub.dev"
    source: hosted
    version: "0.1.0"
  equatable:
    dependency: transitive
    description:
      name: equatable
      sha256: "6d80ee2eda2a2a37646cb28b9e8292dcd1256e3b3eeafdd5693b843c055513fc"
      url: "https://pub.dev"
    source: hosted
    version: "1.2.5"
  expansion_tile_card:
    dependency: "direct main"
    description:
      name: expansion_tile_card
      sha256: d735e22349b470e4861dcc6b0ef0f459e3140a04de8a79238b23945beb1dc816
      url: "https://pub.dev"
    source: hosted
    version: "1.1.0"
  fake_async:
    dependency: transitive
    description:
      name: fake_async
      sha256: "511392330127add0b769b75a987850d136345d9227c6b94c96a04cf4a391bf78"
      url: "https://pub.dev"
    source: hosted
    version: "1.3.1"
  ffi:
    dependency: transitive
    description:
      name: ffi
      sha256: "284195c7170e7f11734fb7191d7780e837fca975ea825eb01587830fa978dd95"
      url: "https://pub.dev"
    source: hosted
    version: "0.1.3"
  file:
    dependency: "direct main"
    description:
      name: file
      sha256: "781811e896666e9a728fd85b13129e32d73f05167a5da1891739f4609c6a8d7d"
      url: "https://pub.dev"
    source: hosted
    version: "5.2.1"
  firebase_auth:
    dependency: "direct main"
    description:
      name: firebase_auth
      sha256: a6dffe01f458a0052d767e8351b4991f4c8ca8b441fda285789642743132a60e
      url: "https://pub.dev"
    source: hosted
    version: "0.18.4+1"
  firebase_auth_platform_interface:
    dependency: transitive
    description:
      name: firebase_auth_platform_interface
      sha256: e14502c6cb3f147fcab624b0af3adc7c0cd8ad6558496313c4cc599618517ec5
      url: "https://pub.dev"
    source: hosted
    version: "2.1.4"
  firebase_auth_web:
    dependency: transitive
    description:
      name: firebase_auth_web
      sha256: "33798b89244db802abc1164eba750e870adadc68dad8532b16a8121974debcef"
      url: "https://pub.dev"
    source: hosted
    version: "0.3.2+3"
  firebase_core:
    dependency: "direct dev"
    description:
      name: firebase_core
      sha256: bdba9a7ed4a2693498e76bf05facb186d944dd6691ebb6d2efa1d63d04a50318
      url: "https://pub.dev"
    source: hosted
    version: "0.5.3"
  firebase_core_platform_interface:
    dependency: transitive
    description:
      name: firebase_core_platform_interface
      sha256: bd0e7855c1c127d0f4e4767c3fd9d770c0ba4598e0cf10f2df2c1ffe5fb2c318
      url: "https://pub.dev"
    source: hosted
    version: "2.1.0"
  firebase_core_web:
    dependency: transitive
    description:
      name: firebase_core_web
      sha256: "0e45dac298d84373d82d9d302363842b2a46cbc859a23ae19cdce1d40162dde7"
      url: "https://pub.dev"
    source: hosted
    version: "0.2.1+1"
  firebase_messaging:
    dependency: "direct main"
    description:
      name: firebase_messaging
      sha256: b2413f3dbee4d9105edbdb7dc184f3bd86b352a89020ab9b3dbdec42455c68e2
      url: "https://pub.dev"
    source: hosted
    version: "7.0.3"
  fl_chart:
    dependency: "direct main"
    description:
      name: fl_chart
      sha256: "5db87fad4244143d66e4f19e4b8ed1573cd8df9ec94bb2c6bda8d746b92de856"
      url: "https://pub.dev"
    source: hosted
    version: "0.12.1"
  flutter:
    dependency: "direct main"
    description: flutter
    source: sdk
    version: "0.0.0"
  flutter_launcher_icons:
    dependency: "direct main"
    description:
      name: flutter_launcher_icons
      sha256: "75fa1d3d2b0ca6a04bbaa66ba2779f208747a995c42cbf500e42f120c9217c5f"
      url: "https://pub.dev"
    source: hosted
    version: "0.8.1"
  flutter_plugin_android_lifecycle:
    dependency: transitive
    description:
      name: flutter_plugin_android_lifecycle
      sha256: f64fc84e913a3c225588724c811f5f6600562d17fc6f6cea7fda264fc93361ae
      url: "https://pub.dev"
    source: hosted
    version: "1.0.11"
  flutter_secure_storage:
    dependency: "direct main"
    description:
      name: flutter_secure_storage
      sha256: "5b4948fe2fd411b12d878871fa52b1dd060351c0394eff4a8567efa836093360"
      url: "https://pub.dev"
    source: hosted
    version: "3.3.5"
  flutter_signin_button:
    dependency: "direct main"
    description:
      name: flutter_signin_button
      sha256: e8f72773b2d4e7a84f9abb3216d928054048a6cc3e943e5722e17ece5fad638d
      url: "https://pub.dev"
    source: hosted
    version: "1.1.0"
  flutter_svg:
    dependency: "direct main"
    description:
      name: flutter_svg
      sha256: dd44f2c22eb0e6d02fdd2d2299275ff08044d68fd16f4b01d36c7d0392b675bf
      url: "https://pub.dev"
    source: hosted
    version: "0.19.1"
  flutter_test:
    dependency: "direct dev"
    description: flutter
    source: sdk
    version: "0.0.0"
  flutter_web_plugins:
    dependency: transitive
    description: flutter
    source: sdk
    version: "0.0.0"
  fluttertoast:
    dependency: "direct main"
    description:
      name: fluttertoast
      sha256: b645488db873c530202344399acc1f1881a687c512c342c98c625c0889a10048
      url: "https://pub.dev"
    source: hosted
    version: "7.1.5"
  font_awesome_flutter:
    dependency: "direct main"
    description:
      name: font_awesome_flutter
      sha256: "8e80e4b2b04fec90cc8441bfc3132fcaab203572cf5a7d28abcb8bd60bbb2833"
      url: "https://pub.dev"
    source: hosted
    version: "8.10.1"
  ftpconnect:
    dependency: "direct main"
    description:
      name: ftpconnect
      sha256: "6226afe15f18f8bf7ebc2ec96bae00d7574c88d82c07b54395f09132ad4f71cc"
      url: "https://pub.dev"
    source: hosted
    version: "0.1.9"
  google_nav_bar:
    dependency: "direct main"
    description:
      name: google_nav_bar
      sha256: "503ac49b449a5304d83f7dcabfad2690ac43b557edde1fd8f2714506c9c44fed"
      url: "https://pub.dev"
    source: hosted
    version: "3.1.0"
  google_sign_in:
    dependency: "direct main"
    description:
      name: google_sign_in
      sha256: "54770d09652729a21626c4d2ac105ba19399690247281e730e7d26833480b0a5"
      url: "https://pub.dev"
    source: hosted
    version: "4.5.6"
  google_sign_in_platform_interface:
    dependency: transitive
    description:
      name: google_sign_in_platform_interface
      sha256: "165a7894a45c328c8dc92d0ad055da5786915e8f3616a80be50e1d84800ffd77"
      url: "https://pub.dev"
    source: hosted
    version: "1.1.2"
  google_sign_in_web:
    dependency: transitive
    description:
      name: google_sign_in_web
      sha256: de62ed46d6a8b2e00f2f75c0d604061907c6364dc8e21723b1d793aa239f3b9b
      url: "https://pub.dev"
    source: hosted
    version: "0.9.2"
  gradient_app_bar:
    dependency: "direct main"
    description:
      name: gradient_app_bar
      sha256: dbcb3bfa396168c3bb88f316b4543da8714435631055f40580d3b2515fc46e05
      url: "https://pub.dev"
    source: hosted
    version: "0.1.3"
  gradient_widgets:
    dependency: "direct main"
    description:
      name: gradient_widgets
      sha256: "117051d40484b01ef2a9d525def33bdec30bc4dcf760e8375341a2b43edce56b"
      url: "https://pub.dev"
    source: hosted
    version: "0.5.2"
  hand_signature:
    dependency: "direct main"
    description:
      name: hand_signature
      sha256: "0e36dc0d81c3d16c0788cf958d2762edc86486c6e9c4ff500b379644a46858cc"
      url: "https://pub.dev"
    source: hosted
    version: "0.6.3"
  http:
    dependency: "direct main"
    description:
      name: http
      sha256: "411262398b34f52b9baac4860a1aa6e4779037ba9289c19b4cd16928efa97a2b"
      url: "https://pub.dev"
    source: hosted
    version: "0.12.2"
  http_parser:
    dependency: transitive
    description:
      name: http_parser
      sha256: "9d2b0626e9e402fc98e6868360da8f256064d6c0b8e4c3edcca5e02fb0b95da9"
      url: "https://pub.dev"
    source: hosted
    version: "3.1.4"
  image:
    dependency: "direct main"
    description:
      name: image
      sha256: "3ef4d4b6eb16111f24314f6f85a8852ebb5f6f85ae51ed2bca72edc273c16734"
      url: "https://pub.dev"
    source: hosted
    version: "2.1.19"
  in_app_review:
    dependency: "direct main"
    description:
      name: in_app_review
      sha256: "4e945760f3a5625fdd99ce5b3c4c91a996e2a8fa76e1a79add15e6d5fc8853ba"
      url: "https://pub.dev"
    source: hosted
    version: "1.0.4"
  in_app_review_platform_interface:
    dependency: transitive
    description:
      name: in_app_review_platform_interface
      sha256: "38de5a647e456e8aa631127915391b5407759e6a5e6759c0345794952cc2e093"
      url: "https://pub.dev"
    source: hosted
    version: "1.0.5"
  intl:
    dependency: "direct main"
    description:
      name: intl
      sha256: "4691515bb3f68ebbc4776bc97a84d429bb8e8c141a77b5ab988a4b02adb1747a"
      url: "https://pub.dev"
    source: hosted
    version: "0.16.1"
  js:
    dependency: transitive
    description:
      name: js
      sha256: "5528c2f391ededb7775ec1daa69e65a2d61276f7552de2b5f7b8d34ee9fd4ab7"
      url: "https://pub.dev"
    source: hosted
    version: "0.6.5"
  line_icons:
    dependency: "direct dev"
    description:
      name: line_icons
      sha256: c5bc65b8040051d75d6a1c478bb05b6e8e3c3b4ab20a66aacdf93a2927061ffe
      url: "https://pub.dev"
    source: hosted
    version: "0.2.0"
  local_auth:
    dependency: "direct main"
    description:
      name: local_auth
      sha256: d3cd7e64a1acc12e62ce1caf2a8febf46071b2e6160f3bf2634008471d0aa29e
      url: "https://pub.dev"
    source: hosted
    version: "0.6.3+4"
  logging:
    dependency: transitive
    description:
      name: logging
      sha256: "239402c239e2a390cf745af3a496fb985dc8f0b31b3f5fe0d460e42289d33ad7"
      url: "https://pub.dev"
    source: hosted
    version: "0.11.4"
  matcher:
    dependency: transitive
    description:
      name: matcher
      sha256: "16db949ceee371e9b99d22f88fa3a73c4e59fd0afed0bd25fc336eb76c198b72"
      url: "https://pub.dev"
    source: hosted
    version: "0.12.13"
  material_color_utilities:
    dependency: transitive
    description:
      name: material_color_utilities
      sha256: d92141dc6fe1dad30722f9aa826c7fbc896d021d792f80678280601aff8cf724
      url: "https://pub.dev"
    source: hosted
    version: "0.2.0"
  meta:
    dependency: transitive
    description:
      name: meta
      sha256: "6c268b42ed578a53088d834796959e4a1814b5e9e164f147f580a386e5decf42"
      url: "https://pub.dev"
    source: hosted
    version: "1.8.0"
  page_transition:
    dependency: "direct main"
    description:
      name: page_transition
      sha256: "145acf4ec5f86f453504354634c2a0ae78bf2d0eabc3ec5bf3ae5880aa7962d5"
      url: "https://pub.dev"
    source: hosted
    version: "1.1.7+3"
  path:
    dependency: transitive
    description:
      name: path
      sha256: db9d4f58c908a4ba5953fcee2ae317c94889433e5024c27ce74a37f94267945b
      url: "https://pub.dev"
    source: hosted
    version: "1.8.2"
  path_drawing:
    dependency: transitive
    description:
      name: path_drawing
      sha256: b3dd74e2210b2b71be3d3098b956dbab853ee43a86918b4bc20c9b9bd49f03f3
      url: "https://pub.dev"
    source: hosted
    version: "0.4.1+1"
  path_parsing:
    dependency: transitive
    description:
      name: path_parsing
      sha256: "4e613c811d25f1533c0d05eb2755e21410247b8a13ac7f6cd23c0cecb2ff683d"
      url: "https://pub.dev"
    source: hosted
    version: "0.1.4"
  path_provider:
    dependency: "direct main"
    description:
      name: path_provider
      sha256: "12b6834c6a78ec9a82adf278194a2c8524fce74bb14434f5043bab5e35bdb86f"
      url: "https://pub.dev"
    source: hosted
    version: "1.6.24"
  path_provider_linux:
    dependency: transitive
    description:
      name: path_provider_linux
      sha256: "739b008776d4377ef8945db2d6f42d17ad7a280f0d0cdf961de26a69ea3964e5"
      url: "https://pub.dev"
    source: hosted
    version: "0.0.1+2"
  path_provider_macos:
    dependency: transitive
    description:
      name: path_provider_macos
      sha256: "0362440211d5dcfaacf8b8a48e40890ae335956a54331adc763ee170db2fe1ac"
      url: "https://pub.dev"
    source: hosted
    version: "0.0.4+6"
  path_provider_platform_interface:
    dependency: transitive
    description:
      name: path_provider_platform_interface
      sha256: e06b2d369e0eb863cf0c4876d0fb6943846876f7e51b2752059a5c6b05bf5354
      url: "https://pub.dev"
    source: hosted
    version: "1.0.4"
  path_provider_windows:
    dependency: transitive
    description:
      name: path_provider_windows
      sha256: aa4e314948959ec26867274fa47ca7af12918e6812375ca0b92e817e1b7834cb
      url: "https://pub.dev"
    source: hosted
    version: "0.0.4+3"
  pedantic:
    dependency: transitive
    description:
      name: pedantic
      sha256: e1d7612702b705bba0ca871035b8cc9f2f23164fe81240b76b4eeef350e4f500
      url: "https://pub.dev"
    source: hosted
    version: "1.9.2"
  petitparser:
    dependency: transitive
    description:
      name: petitparser
      sha256: fe07f9345bf03ff0c881d1f5494e20cc40206780ca5dea86aab8037cb49af5f2
      url: "https://pub.dev"
    source: hosted
    version: "3.1.0"
  pin_code_fields:
    dependency: "direct main"
    description:
      name: pin_code_fields
      sha256: d402d881a8e5adabe9143958e1fbf67c335cfada8b91321d9894a42cebb9a91c
      url: "https://pub.dev"
    source: hosted
    version: "6.0.1"
  platform:
    dependency: transitive
    description:
      name: platform
      sha256: "2d03e4330ae22fc7fc0dd38c1fc6d0a9dc7ff10d7deea6dbb2583f7e5c053453"
      url: "https://pub.dev"
    source: hosted
    version: "2.2.1"
  plugin_platform_interface:
    dependency: transitive
    description:
      name: plugin_platform_interface
      sha256: c3ebbff365bfb1b5f7b690c9857d2dabea167f35b05eb7586186499b407efb37
      url: "https://pub.dev"
    source: hosted
    version: "1.0.3"
  pointycastle:
    dependency: "direct main"
    description:
      name: pointycastle
      sha256: ab5b4252c713b546d462b638ccdb2c94181229c7474a74edde8292ba10b850ba
      url: "https://pub.dev"
    source: hosted
    version: "2.0.0"
  process:
    dependency: transitive
    description:
      name: process
      sha256: "6ae4895f82db61b3011d9a32517bc9f604c28833cfc765e63dbf134758f6290c"
      url: "https://pub.dev"
    source: hosted
    version: "3.0.13"
  progress_dialog:
    dependency: "direct main"
    description:
      name: progress_dialog
      sha256: "2f92c7664ef569939c8c2c38bdf770e2d791d4e9075efe38d7fff0940afbcadd"
      url: "https://pub.dev"
    source: hosted
    version: "1.2.4"
  quiver:
    dependency: transitive
    description:
      name: quiver
      sha256: e83f7ad1e6375da1400b54eea8793bba804d1731d68c5694490bf9296cd3ca24
      url: "https://pub.dev"
    source: hosted
    version: "2.1.5"
  resource:
    dependency: transitive
    description:
      name: resource
      sha256: "888b8a9ab14621bbc4d82e7154540a74c6ac7d91fe54c5f0be65aaec629bf7ab"
      url: "https://pub.dev"
    source: hosted
    version: "2.1.7"
  sky_engine:
    dependency: transitive
    description: flutter
    source: sdk
    version: "0.0.99"
  sms_retriever_api:
    dependency: "direct main"
    description:
      name: sms_retriever_api
      sha256: "1368702ed01a154ce0250788747d7af24ae42e362c0797b41ee71a4b31b10e22"
      url: "https://pub.dev"
    source: hosted
    version: "0.0.2"
  source_span:
    dependency: transitive
    description:
      name: source_span
      sha256: dd904f795d4b4f3b870833847c461801f6750a9fa8e61ea5ac53f9422b31f250
      url: "https://pub.dev"
    source: hosted
    version: "1.9.1"
  sqflite:
    dependency: "direct main"
    description:
      name: sqflite
      sha256: "2a355f4c2d46bce41f48645e964c78e4ce5fb88b85e5e74953b5e46e75f5a960"
      url: "https://pub.dev"
    source: hosted
    version: "1.3.2+1"
  sqflite_common:
    dependency: transitive
    description:
      name: sqflite_common
      sha256: "7c821874b4f62031c63a61ddbcfa4b7283ec9caff8aa82646e0cd8a1c0ec4150"
      url: "https://pub.dev"
    source: hosted
    version: "1.0.2+1"
  stack_trace:
    dependency: transitive
    description:
      name: stack_trace
      sha256: c3c7d8edb15bee7f0f74debd4b9c5f3c2ea86766fe4178eb2a18eb30a0bdaed5
      url: "https://pub.dev"
    source: hosted
    version: "1.11.0"
  stream_channel:
    dependency: transitive
    description:
      name: stream_channel
      sha256: "83615bee9045c1d322bbbd1ba209b7a749c2cbcdcb3fdd1df8eb488b3279c1c8"
      url: "https://pub.dev"
    source: hosted
    version: "2.1.1"
  string_scanner:
    dependency: transitive
    description:
      name: string_scanner
      sha256: "556692adab6cfa87322a115640c11f13cb77b3f076ddcc5d6ae3c20242bedcde"
      url: "https://pub.dev"
    source: hosted
    version: "1.2.0"
  syncfusion_flutter_core:
    dependency: transitive
    description:
      name: syncfusion_flutter_core
      sha256: "8b15155f5060b55183b3afa843423e56b4f18b6694b36b3919836cdccecda7df"
      url: "https://pub.dev"
    source: hosted
    version: "18.4.30"
  syncfusion_flutter_gauges:
    dependency: "direct main"
    description:
      name: syncfusion_flutter_gauges
      sha256: "1b1793eeaae1dba4fbc423c6ae32a97e8e600b482b87f3bd899020a3b086237a"
      url: "https://pub.dev"
    source: hosted
    version: "18.4.30"
  synchronized:
    dependency: transitive
    description:
      name: synchronized
      sha256: "294228ee6183405c4053a60e8b47c22956da37c92fd410c89ddf0279c188f735"
      url: "https://pub.dev"
    source: hosted
    version: "2.2.0+2"
  term_glyph:
    dependency: transitive
    description:
      name: term_glyph
      sha256: a29248a84fbb7c79282b40b8c72a1209db169a2e0542bce341da992fe1bc7e84
      url: "https://pub.dev"
    source: hosted
    version: "1.2.1"
  test_api:
    dependency: transitive
    description:
      name: test_api
      sha256: ad540f65f92caa91bf21dfc8ffb8c589d6e4dc0c2267818b4cc2792857706206
      url: "https://pub.dev"
    source: hosted
    version: "0.4.16"
  tflite:
    dependency: "direct main"
    description:
      name: tflite
      sha256: dffd4b831d357324ebb18751055e03ab4962e3f393b480b08e71842ec7c17393
      url: "https://pub.dev"
    source: hosted
    version: "1.1.1"
  time_machine:
    dependency: "direct main"
    description:
      path: "."
      ref: "7753e0d"
      resolved-ref: "7753e0d258880ad8070fc71a10d04a5056428837"
      url: "https://github.com/Dana-Ferguson/time_machine"
    source: git
    version: "0.9.15"
  timeline_list:
    dependency: "direct main"
    description:
      name: timeline_list
      sha256: a9aca9997c548022f0f16f31c8042d79827a5de3456945f72792886d82298d81
      url: "https://pub.dev"
    source: hosted
    version: "0.0.5"
  typed_data:
    dependency: transitive
    description:
      name: typed_data
      sha256: "26f87ade979c47a150c9eaab93ccd2bebe70a27dc0b4b29517f2904f04eb11a5"
      url: "https://pub.dev"
    source: hosted
    version: "1.3.1"
  unique_ids:
    dependency: "direct main"
    description:
      name: unique_ids
      sha256: cae87824c944f4f2b2f631713c9b8f3bb94d616721d1bad56bf9fb9f8dcb364f
      url: "https://pub.dev"
    source: hosted
    version: "1.0.11"
  url_launcher:
    dependency: transitive
    description:
      name: url_launcher
      sha256: e1e0c46fcd777c0f0bd7f4541b747c28ad4e925f93344cebf667ef76c695533a
      url: "https://pub.dev"
    source: hosted
    version: "5.7.10"
  url_launcher_linux:
    dependency: transitive
    description:
      name: url_launcher_linux
      sha256: c489023cdd864a19c0be63bb3796bec21ea4bc16bfe09568953f1828e02151c9
      url: "https://pub.dev"
    source: hosted
    version: "0.0.1+4"
  url_launcher_macos:
    dependency: transitive
    description:
      name: url_launcher_macos
      sha256: be04eac5076414469027ce068c360478c3e56e43205bb7efaaa61cbdd3ba890d
      url: "https://pub.dev"
    source: hosted
    version: "0.0.1+9"
  url_launcher_platform_interface:
    dependency: transitive
    description:
      name: url_launcher_platform_interface
      sha256: c6bd00f46e8c348703d0ae691850eb2052be8e1338dc3ae6f72af53b962da157
      url: "https://pub.dev"
    source: hosted
    version: "1.0.9"
  url_launcher_web:
    dependency: transitive
    description:
      name: url_launcher_web
      sha256: "8672efbe9c920d3ebb469d7b5a6ba9e7e806435afffccbe2c30b1cb76f76b299"
      url: "https://pub.dev"
    source: hosted
    version: "0.1.5+1"
  url_launcher_windows:
    dependency: transitive
    description:
      name: url_launcher_windows
      sha256: "034479b1dafd8f01de81267d8117eb5ae019e0dddcc23f4b14ed31253a2635d9"
      url: "https://pub.dev"
    source: hosted
    version: "0.0.1+3"
  vector_math:
    dependency: transitive
    description:
      name: vector_math
      sha256: "80b3257d1492ce4d091729e3a67a60407d227c27241d6927be0130c98e741803"
      url: "https://pub.dev"
    source: hosted
    version: "2.1.4"
  win32:
    dependency: transitive
    description:
      name: win32
      sha256: ffae3d014089b2743d45a4a8c5f2724128aaca4cfa29462a346e5a5c4026debc
      url: "https://pub.dev"
    source: hosted
    version: "1.7.4"
  xdg_directories:
    dependency: transitive
    description:
      name: xdg_directories
      sha256: "864af550b70b87218770f8d7efd2814c38a3d6cf7103f245cc5413da0df3aee2"
      url: "https://pub.dev"
    source: hosted
    version: "0.1.2"
  xml:
    dependency: transitive
    description:
      name: xml
      sha256: "4c4262c7dcf7b66fa8743cdfd37ccac03d6d50d3de4084b1a528de3107540752"
      url: "https://pub.dev"
    source: hosted
    version: "4.5.1"
  yaml:
    dependency: transitive
    description:
      name: yaml
      sha256: "5ec3d7ffef5a113f664e4c61c08508e23acb2d87021645468967200d684b9274"
      url: "https://pub.dev"
    source: hosted
    version: "2.2.1"
sdks:
  dart: ">=2.18.0 <3.0.0"
  flutter: ">=1.22.2"
